
Microsoft Visual Studio Solution File, Format Version 12.00
# Visual Studio Version 16
VisualStudioVersion = 16.0.32228.343
MinimumVisualStudioVersion = 10.0.40219.1
Project("{8BC9CEB8-8B4A-11D0-8D11-00A0C91BC942}") = "condition", "condition.vcxproj", "{115B83D3-5E98-4962-BD87-BB4755058382}"
EndProject
Global
	GlobalSection(SolutionConfigurationPlatforms) = preSolution
		Debug|x64 = Debug|x64
		Debug|x86 = Debug|x86
		Release|x64 = Release|x64
		Release|x86 = Release|x86
	EndGlobalSection
	GlobalSection(ProjectConfigurationPlatforms) = postSolution
		{115B83D3-5E98-4962-BD87-BB4755058382}.Debug|x64.ActiveCfg = Debug|x64
		{115B83D3-5E98-4962-BD87-BB4755058382}.Debug|x64.Build.0 = Debug|x64
		{115B83D3-5E98-4962-BD87-BB4755058382}.Debug|x86.ActiveCfg = Debug|Win32
		{115B83D3-5E98-4962-BD87-BB4755058382}.Debug|x86.Build.0 = Debug|Win32
		{115B83D3-5E98-4962-BD87-BB4755058382}.Release|x64.ActiveCfg = Release|x64
		{115B83D3-5E98-4962-BD87-BB4755058382}.Release|x64.Build.0 = Release|x64
		{115B83D3-5E98-4962-BD87-BB4755058382}.Release|x86.ActiveCfg = Release|Win32
		{115B83D3-5E98-4962-BD87-BB4755058382}.Release|x86.Build.0 = Release|Win32
	EndGlobalSection
	GlobalSection(SolutionProperties) = preSolution
		HideSolutionNode = FALSE
	EndGlobalSection
	GlobalSection(ExtensibilityGlobals) = postSolution
		SolutionGuid = {1150F8EC-D2C4-4837-8D25-7A6EE848862A}
	EndGlobalSection
EndGlobal
