
Microsoft Visual Studio Solution File, Format Version 12.00
# Visual Studio Version 16
VisualStudioVersion = 16.0.32228.343
MinimumVisualStudioVersion = 10.0.40219.1
Project("{8BC9CEB8-8B4A-11D0-8D11-00A0C91BC942}") = "sym_const", "sym_const.vcxproj", "{3F72C0EF-D104-490A-8785-9911E31A6F7B}"
EndProject
Global
	GlobalSection(SolutionConfigurationPlatforms) = preSolution
		Debug|x64 = Debug|x64
		Debug|x86 = Debug|x86
		Release|x64 = Release|x64
		Release|x86 = Release|x86
	EndGlobalSection
	GlobalSection(ProjectConfigurationPlatforms) = postSolution
		{3F72C0EF-D104-490A-8785-9911E31A6F7B}.Debug|x64.ActiveCfg = Debug|x64
		{3F72C0EF-D104-490A-8785-9911E31A6F7B}.Debug|x64.Build.0 = Debug|x64
		{3F72C0EF-D104-490A-8785-9911E31A6F7B}.Debug|x86.ActiveCfg = Debug|Win32
		{3F72C0EF-D104-490A-8785-9911E31A6F7B}.Debug|x86.Build.0 = Debug|Win32
		{3F72C0EF-D104-490A-8785-9911E31A6F7B}.Release|x64.ActiveCfg = Release|x64
		{3F72C0EF-D104-490A-8785-9911E31A6F7B}.Release|x64.Build.0 = Release|x64
		{3F72C0EF-D104-490A-8785-9911E31A6F7B}.Release|x86.ActiveCfg = Release|Win32
		{3F72C0EF-D104-490A-8785-9911E31A6F7B}.Release|x86.Build.0 = Release|Win32
	EndGlobalSection
	GlobalSection(SolutionProperties) = preSolution
		HideSolutionNode = FALSE
	EndGlobalSection
	GlobalSection(ExtensibilityGlobals) = postSolution
		SolutionGuid = {A8742076-F530-4BF4-BB97-6F19C148815F}
	EndGlobalSection
EndGlobal
